
Microsoft Visual Studio Solution File, Format Version 12.00
# Visual Studio 14
VisualStudioVersion = 14.0.25420.1
MinimumVisualStudioVersion = 10.0.40219.1
Project("{FAE04EC0-301F-11D3-BF4B-00C04F79EFBC}") = "DIDP", "DIDP\DIDP.csproj", "{546291ED-0D82-4D7E-99F1-2CFC493539A3}"
EndProject
Project("{FAE04EC0-301F-11D3-BF4B-00C04F79EFBC}") = "DynamicProgrammingTest", "DynamicProgrammingTest\DynamicProgrammingTest.csproj", "{E7C41843-F44F-4776-B96C-DACF11426123}"
EndProject
Project("{FAE04EC0-301F-11D3-BF4B-00C04F79EFBC}") = "DynamicProgramming", "DynamicProgramming\DynamicProgramming.csproj", "{A5D8867D-3078-4973-9BB0-7DF61577FA59}"
EndProject
Global
	GlobalSection(SolutionConfigurationPlatforms) = preSolution
		Debug|Any CPU = Debug|Any CPU
		Release|Any CPU = Release|Any CPU
	EndGlobalSection
	GlobalSection(ProjectConfigurationPlatforms) = postSolution
		{546291ED-0D82-4D7E-99F1-2CFC493539A3}.Debug|Any CPU.ActiveCfg = Debug|Any CPU
		{546291ED-0D82-4D7E-99F1-2CFC493539A3}.Debug|Any CPU.Build.0 = Debug|Any CPU
		{546291ED-0D82-4D7E-99F1-2CFC493539A3}.Release|Any CPU.ActiveCfg = Release|Any CPU
		{546291ED-0D82-4D7E-99F1-2CFC493539A3}.Release|Any CPU.Build.0 = Release|Any CPU
		{E7C41843-F44F-4776-B96C-DACF11426123}.Debug|Any CPU.ActiveCfg = Debug|Any CPU
		{E7C41843-F44F-4776-B96C-DACF11426123}.Debug|Any CPU.Build.0 = Debug|Any CPU
		{E7C41843-F44F-4776-B96C-DACF11426123}.Release|Any CPU.ActiveCfg = Release|Any CPU
		{E7C41843-F44F-4776-B96C-DACF11426123}.Release|Any CPU.Build.0 = Release|Any CPU
		{A5D8867D-3078-4973-9BB0-7DF61577FA59}.Debug|Any CPU.ActiveCfg = Debug|Any CPU
		{A5D8867D-3078-4973-9BB0-7DF61577FA59}.Debug|Any CPU.Build.0 = Debug|Any CPU
		{A5D8867D-3078-4973-9BB0-7DF61577FA59}.Release|Any CPU.ActiveCfg = Release|Any CPU
		{A5D8867D-3078-4973-9BB0-7DF61577FA59}.Release|Any CPU.Build.0 = Release|Any CPU
	EndGlobalSection
	GlobalSection(SolutionProperties) = preSolution
		HideSolutionNode = FALSE
	EndGlobalSection
EndGlobal
